
Microsoft Visual Studio Solution File, Format Version 12.00
# Visual Studio Version 16
VisualStudioVersion = 16.0.31624.102
MinimumVisualStudioVersion = 10.0.40219.1
Project("{FAE04EC0-301F-11D3-BF4B-00C04F79EFBC}") = "GoogleAnalyticsTry", "GoogleAnalyticsTry\GoogleAnalyticsTry.csproj", "{3CE98BAA-A97C-46F1-A761-DDD072E0CAAE}"
EndProject
Global
	GlobalSection(SolutionConfigurationPlatforms) = preSolution
		Debug|Any CPU = Debug|Any CPU
		Release|Any CPU = Release|Any CPU
	EndGlobalSection
	GlobalSection(ProjectConfigurationPlatforms) = postSolution
		{3CE98BAA-A97C-46F1-A761-DDD072E0CAAE}.Debug|Any CPU.ActiveCfg = Debug|Any CPU
		{3CE98BAA-A97C-46F1-A761-DDD072E0CAAE}.Debug|Any CPU.Build.0 = Debug|Any CPU
		{3CE98BAA-A97C-46F1-A761-DDD072E0CAAE}.Release|Any CPU.ActiveCfg = Release|Any CPU
		{3CE98BAA-A97C-46F1-A761-DDD072E0CAAE}.Release|Any CPU.Build.0 = Release|Any CPU
	EndGlobalSection
	GlobalSection(SolutionProperties) = preSolution
		HideSolutionNode = FALSE
	EndGlobalSection
	GlobalSection(ExtensibilityGlobals) = postSolution
		SolutionGuid = {FAFF7F82-D451-4D50-85EF-1EBB0831C90D}
	EndGlobalSection
EndGlobal
